
Microsoft Visual Studio Solution File, Format Version 12.00
# Visual Studio 15
VisualStudioVersion = 15.0.28307.779
MinimumVisualStudioVersion = 10.0.40219.1
Project("{FAE04EC0-301F-11D3-BF4B-00C04F79EFBC}") = "CoBen.UI.Angular", "CoBen.UI.Angular\CoBen.UI.Angular.csproj", "{83853B56-08B4-43F2-B4CF-4EEDBDBCDC91}"
EndProject
Global
	GlobalSection(SolutionConfigurationPlatforms) = preSolution
		Debug|Any CPU = Debug|Any CPU
		Release|Any CPU = Release|Any CPU
	EndGlobalSection
	GlobalSection(ProjectConfigurationPlatforms) = postSolution
		{83853B56-08B4-43F2-B4CF-4EEDBDBCDC91}.Debug|Any CPU.ActiveCfg = Debug|Any CPU
		{83853B56-08B4-43F2-B4CF-4EEDBDBCDC91}.Debug|Any CPU.Build.0 = Debug|Any CPU
		{83853B56-08B4-43F2-B4CF-4EEDBDBCDC91}.Release|Any CPU.ActiveCfg = Release|Any CPU
		{83853B56-08B4-43F2-B4CF-4EEDBDBCDC91}.Release|Any CPU.Build.0 = Release|Any CPU
	EndGlobalSection
	GlobalSection(SolutionProperties) = preSolution
		HideSolutionNode = FALSE
	EndGlobalSection
	GlobalSection(ExtensibilityGlobals) = postSolution
		SolutionGuid = {820C5D3F-86F2-4BCF-85F8-27C4E420A038}
	EndGlobalSection
EndGlobal
